
Microsoft Visual Studio Solution File, Format Version 12.00
# Visual Studio Version 17
VisualStudioVersion = 17.0.31903.59
MinimumVisualStudioVersion = 10.0.40219.1
Project("{2150E333-8FDC-42A3-9474-1A3956D46DE8}") = "Api", "Api", "{D82C56D6-B2CD-F611-9E31-04638F7EC30E}"
EndProject
Project("{FAE04EC0-301F-11D3-BF4B-00C04F79EFBC}") = "API", "Api\API.csproj", "{D149879F-A2BA-44CE-979F-AAA06BA47680}"
EndProject
Project("{FAE04EC0-301F-11D3-BF4B-00C04F79EFBC}") = "Application", "Application\Application.csproj", "{140433AA-674A-4D51-9EC7-4397EB57F261}"
EndProject
Project("{FAE04EC0-301F-11D3-BF4B-00C04F79EFBC}") = "Domain", "Domain\Domain.csproj", "{01225150-4FA1-4E22-998A-C08E3BD07F8E}"
EndProject
Project("{FAE04EC0-301F-11D3-BF4B-00C04F79EFBC}") = "Infrastructure", "Infrastructure\Infrastructure.csproj", "{58F28974-2676-46C3-B1EB-193FA18E2366}"
EndProject
Project("{FAE04EC0-301F-11D3-BF4B-00C04F79EFBC}") = "Tests", "Tests\Tests.csproj", "{F6F514D9-1AC9-4926-BD39-5D1AA2BF07F0}"
EndProject
Global
	GlobalSection(SolutionConfigurationPlatforms) = preSolution
		Debug|Any CPU = Debug|Any CPU
		Debug|x64 = Debug|x64
		Debug|x86 = Debug|x86
		Release|Any CPU = Release|Any CPU
		Release|x64 = Release|x64
		Release|x86 = Release|x86
	EndGlobalSection
	GlobalSection(ProjectConfigurationPlatforms) = postSolution
		{D149879F-A2BA-44CE-979F-AAA06BA47680}.Debug|Any CPU.ActiveCfg = Debug|Any CPU
		{D149879F-A2BA-44CE-979F-AAA06BA47680}.Debug|Any CPU.Build.0 = Debug|Any CPU
		{D149879F-A2BA-44CE-979F-AAA06BA47680}.Debug|x64.ActiveCfg = Debug|Any CPU
		{D149879F-A2BA-44CE-979F-AAA06BA47680}.Debug|x64.Build.0 = Debug|Any CPU
		{D149879F-A2BA-44CE-979F-AAA06BA47680}.Debug|x86.ActiveCfg = Debug|Any CPU
		{D149879F-A2BA-44CE-979F-AAA06BA47680}.Debug|x86.Build.0 = Debug|Any CPU
		{D149879F-A2BA-44CE-979F-AAA06BA47680}.Release|Any CPU.ActiveCfg = Release|Any CPU
		{D149879F-A2BA-44CE-979F-AAA06BA47680}.Release|Any CPU.Build.0 = Release|Any CPU
		{D149879F-A2BA-44CE-979F-AAA06BA47680}.Release|x64.ActiveCfg = Release|Any CPU
		{D149879F-A2BA-44CE-979F-AAA06BA47680}.Release|x64.Build.0 = Release|Any CPU
		{D149879F-A2BA-44CE-979F-AAA06BA47680}.Release|x86.ActiveCfg = Release|Any CPU
		{D149879F-A2BA-44CE-979F-AAA06BA47680}.Release|x86.Build.0 = Release|Any CPU
		{140433AA-674A-4D51-9EC7-4397EB57F261}.Debug|Any CPU.ActiveCfg = Debug|Any CPU
		{140433AA-674A-4D51-9EC7-4397EB57F261}.Debug|Any CPU.Build.0 = Debug|Any CPU
		{140433AA-674A-4D51-9EC7-4397EB57F261}.Debug|x64.ActiveCfg = Debug|Any CPU
		{140433AA-674A-4D51-9EC7-4397EB57F261}.Debug|x64.Build.0 = Debug|Any CPU
		{140433AA-674A-4D51-9EC7-4397EB57F261}.Debug|x86.ActiveCfg = Debug|Any CPU
		{140433AA-674A-4D51-9EC7-4397EB57F261}.Debug|x86.Build.0 = Debug|Any CPU
		{140433AA-674A-4D51-9EC7-4397EB57F261}.Release|Any CPU.ActiveCfg = Release|Any CPU
		{140433AA-674A-4D51-9EC7-4397EB57F261}.Release|Any CPU.Build.0 = Release|Any CPU
		{140433AA-674A-4D51-9EC7-4397EB57F261}.Release|x64.ActiveCfg = Release|Any CPU
		{140433AA-674A-4D51-9EC7-4397EB57F261}.Release|x64.Build.0 = Release|Any CPU
		{140433AA-674A-4D51-9EC7-4397EB57F261}.Release|x86.ActiveCfg = Release|Any CPU
		{140433AA-674A-4D51-9EC7-4397EB57F261}.Release|x86.Build.0 = Release|Any CPU
		{01225150-4FA1-4E22-998A-C08E3BD07F8E}.Debug|Any CPU.ActiveCfg = Debug|Any CPU
		{01225150-4FA1-4E22-998A-C08E3BD07F8E}.Debug|Any CPU.Build.0 = Debug|Any CPU
		{01225150-4FA1-4E22-998A-C08E3BD07F8E}.Debug|x64.ActiveCfg = Debug|Any CPU
		{01225150-4FA1-4E22-998A-C08E3BD07F8E}.Debug|x64.Build.0 = Debug|Any CPU
		{01225150-4FA1-4E22-998A-C08E3BD07F8E}.Debug|x86.ActiveCfg = Debug|Any CPU
		{01225150-4FA1-4E22-998A-C08E3BD07F8E}.Debug|x86.Build.0 = Debug|Any CPU
		{01225150-4FA1-4E22-998A-C08E3BD07F8E}.Release|Any CPU.ActiveCfg = Release|Any CPU
		{01225150-4FA1-4E22-998A-C08E3BD07F8E}.Release|Any CPU.Build.0 = Release|Any CPU
		{01225150-4FA1-4E22-998A-C08E3BD07F8E}.Release|x64.ActiveCfg = Release|Any CPU
		{01225150-4FA1-4E22-998A-C08E3BD07F8E}.Release|x64.Build.0 = Release|Any CPU
		{01225150-4FA1-4E22-998A-C08E3BD07F8E}.Release|x86.ActiveCfg = Release|Any CPU
		{01225150-4FA1-4E22-998A-C08E3BD07F8E}.Release|x86.Build.0 = Release|Any CPU
		{58F28974-2676-46C3-B1EB-193FA18E2366}.Debug|Any CPU.ActiveCfg = Debug|Any CPU
		{58F28974-2676-46C3-B1EB-193FA18E2366}.Debug|Any CPU.Build.0 = Debug|Any CPU
		{58F28974-2676-46C3-B1EB-193FA18E2366}.Debug|x64.ActiveCfg = Debug|Any CPU
		{58F28974-2676-46C3-B1EB-193FA18E2366}.Debug|x64.Build.0 = Debug|Any CPU
		{58F28974-2676-46C3-B1EB-193FA18E2366}.Debug|x86.ActiveCfg = Debug|Any CPU
		{58F28974-2676-46C3-B1EB-193FA18E2366}.Debug|x86.Build.0 = Debug|Any CPU
		{58F28974-2676-46C3-B1EB-193FA18E2366}.Release|Any CPU.ActiveCfg = Release|Any CPU
		{58F28974-2676-46C3-B1EB-193FA18E2366}.Release|Any CPU.Build.0 = Release|Any CPU
		{58F28974-2676-46C3-B1EB-193FA18E2366}.Release|x64.ActiveCfg = Release|Any CPU
		{58F28974-2676-46C3-B1EB-193FA18E2366}.Release|x64.Build.0 = Release|Any CPU
		{58F28974-2676-46C3-B1EB-193FA18E2366}.Release|x86.ActiveCfg = Release|Any CPU
		{58F28974-2676-46C3-B1EB-193FA18E2366}.Release|x86.Build.0 = Release|Any CPU
		{F6F514D9-1AC9-4926-BD39-5D1AA2BF07F0}.Debug|Any CPU.ActiveCfg = Debug|Any CPU
		{F6F514D9-1AC9-4926-BD39-5D1AA2BF07F0}.Debug|Any CPU.Build.0 = Debug|Any CPU
		{F6F514D9-1AC9-4926-BD39-5D1AA2BF07F0}.Debug|x64.ActiveCfg = Debug|Any CPU
		{F6F514D9-1AC9-4926-BD39-5D1AA2BF07F0}.Debug|x64.Build.0 = Debug|Any CPU
		{F6F514D9-1AC9-4926-BD39-5D1AA2BF07F0}.Debug|x86.ActiveCfg = Debug|Any CPU
		{F6F514D9-1AC9-4926-BD39-5D1AA2BF07F0}.Debug|x86.Build.0 = Debug|Any CPU
		{F6F514D9-1AC9-4926-BD39-5D1AA2BF07F0}.Release|Any CPU.ActiveCfg = Release|Any CPU
		{F6F514D9-1AC9-4926-BD39-5D1AA2BF07F0}.Release|Any CPU.Build.0 = Release|Any CPU
		{F6F514D9-1AC9-4926-BD39-5D1AA2BF07F0}.Release|x64.ActiveCfg = Release|Any CPU
		{F6F514D9-1AC9-4926-BD39-5D1AA2BF07F0}.Release|x64.Build.0 = Release|Any CPU
		{F6F514D9-1AC9-4926-BD39-5D1AA2BF07F0}.Release|x86.ActiveCfg = Release|Any CPU
		{F6F514D9-1AC9-4926-BD39-5D1AA2BF07F0}.Release|x86.Build.0 = Release|Any CPU
	EndGlobalSection
	GlobalSection(SolutionProperties) = preSolution
		HideSolutionNode = FALSE
	EndGlobalSection
	GlobalSection(NestedProjects) = preSolution
		{D149879F-A2BA-44CE-979F-AAA06BA47680} = {D82C56D6-B2CD-F611-9E31-04638F7EC30E}
	EndGlobalSection
EndGlobal
